
Microsoft Visual Studio Solution File, Format Version 12.00
# Visual Studio Version 17
VisualStudioVersion = 17.12.35527.113 d17.12
MinimumVisualStudioVersion = 10.0.40219.1
Project("{FAE04EC0-301F-11D3-BF4B-00C04F79EFBC}") = "ApiChallenge", "ApiChallenge\ApiChallenge.csproj", "{A7016467-E126-4052-A09C-AB285E17743B}"
EndProject
Project("{FAE04EC0-301F-11D3-BF4B-00C04F79EFBC}") = "Application", "Application\Application.csproj", "{EACB6502-63CC-4494-AEFA-2943AA84BA6E}"
EndProject
Project("{FAE04EC0-301F-11D3-BF4B-00C04F79EFBC}") = "Domain", "Domain\Domain.csproj", "{C5C0A248-0383-4B59-9AC7-B51D4498E97C}"
EndProject
Project("{FAE04EC0-301F-11D3-BF4B-00C04F79EFBC}") = "Infraestructure", "Infraestructure\Infraestructure.csproj", "{DBC6E8AC-B334-4CC0-A746-AE1CFBB76354}"
EndProject
Global
	GlobalSection(SolutionConfigurationPlatforms) = preSolution
		Debug|Any CPU = Debug|Any CPU
		Release|Any CPU = Release|Any CPU
	EndGlobalSection
	GlobalSection(ProjectConfigurationPlatforms) = postSolution
		{A7016467-E126-4052-A09C-AB285E17743B}.Debug|Any CPU.ActiveCfg = Debug|Any CPU
		{A7016467-E126-4052-A09C-AB285E17743B}.Debug|Any CPU.Build.0 = Debug|Any CPU
		{A7016467-E126-4052-A09C-AB285E17743B}.Release|Any CPU.ActiveCfg = Release|Any CPU
		{A7016467-E126-4052-A09C-AB285E17743B}.Release|Any CPU.Build.0 = Release|Any CPU
		{EACB6502-63CC-4494-AEFA-2943AA84BA6E}.Debug|Any CPU.ActiveCfg = Debug|Any CPU
		{EACB6502-63CC-4494-AEFA-2943AA84BA6E}.Debug|Any CPU.Build.0 = Debug|Any CPU
		{EACB6502-63CC-4494-AEFA-2943AA84BA6E}.Release|Any CPU.ActiveCfg = Release|Any CPU
		{EACB6502-63CC-4494-AEFA-2943AA84BA6E}.Release|Any CPU.Build.0 = Release|Any CPU
		{C5C0A248-0383-4B59-9AC7-B51D4498E97C}.Debug|Any CPU.ActiveCfg = Debug|Any CPU
		{C5C0A248-0383-4B59-9AC7-B51D4498E97C}.Debug|Any CPU.Build.0 = Debug|Any CPU
		{C5C0A248-0383-4B59-9AC7-B51D4498E97C}.Release|Any CPU.ActiveCfg = Release|Any CPU
		{C5C0A248-0383-4B59-9AC7-B51D4498E97C}.Release|Any CPU.Build.0 = Release|Any CPU
		{DBC6E8AC-B334-4CC0-A746-AE1CFBB76354}.Debug|Any CPU.ActiveCfg = Debug|Any CPU
		{DBC6E8AC-B334-4CC0-A746-AE1CFBB76354}.Debug|Any CPU.Build.0 = Debug|Any CPU
		{DBC6E8AC-B334-4CC0-A746-AE1CFBB76354}.Release|Any CPU.ActiveCfg = Release|Any CPU
		{DBC6E8AC-B334-4CC0-A746-AE1CFBB76354}.Release|Any CPU.Build.0 = Release|Any CPU
	EndGlobalSection
	GlobalSection(SolutionProperties) = preSolution
		HideSolutionNode = FALSE
	EndGlobalSection
EndGlobal
